// !$*UTF8*$!
{
	archiveVersion = 1;
	classes = {
	};
	objectVersion = 55;
	objects = {

/* Begin PBXBuildFile section */
		7C6918B62849BE8F0086CE5B /* Tests_iOS.swift in Sources */ = {isa = PBXBuildFile; fileRef = 7C6918B52849BE8F0086CE5B /* Tests_iOS.swift */; };
		7C6918B82849BE8F0086CE5B /* Tests_iOSLaunchTests.swift in Sources */ = {isa = PBXBuildFile; fileRef = 7C6918B72849BE8F0086CE5B /* Tests_iOSLaunchTests.swift */; };
		7C6918C22849BE8F0086CE5B /* Tests_macOS.swift in Sources */ = {isa = PBXBuildFile; fileRef = 7C6918C12849BE8F0086CE5B /* Tests_macOS.swift */; };
		7C6918C42849BE8F0086CE5B /* Tests_macOSLaunchTests.swift in Sources */ = {isa = PBXBuildFile; fileRef = 7C6918C32849BE8F0086CE5B /* Tests_macOSLaunchTests.swift */; };
		7C6918C52849BE8F0086CE5B /* ecclesiamvp2App.swift in Sources */ = {isa = PBXBuildFile; fileRef = 7C69189D2849BE8E0086CE5B /* ecclesiamvp2App.swift */; };
		7C6918C62849BE8F0086CE5B /* ecclesiamvp2App.swift in Sources */ = {isa = PBXBuildFile; fileRef = 7C69189D2849BE8E0086CE5B /* ecclesiamvp2App.swift */; };
		7C6918C72849BE8F0086CE5B /* ContentView.swift in Sources */ = {isa = PBXBuildFile; fileRef = 7C69189E2849BE8E0086CE5B /* ContentView.swift */; };
		7C6918C82849BE8F0086CE5B /* ContentView.swift in Sources */ = {isa = PBXBuildFile; fileRef = 7C69189E2849BE8E0086CE5B /* ContentView.swift */; };
		7C6918C92849BE8F0086CE5B /* Assets.xcassets in Resources */ = {isa = PBXBuildFile; fileRef = 7C69189F2849BE8F0086CE5B /* Assets.xcassets */; };
		7C6918CA2849BE8F0086CE5B /* Assets.xcassets in Resources */ = {isa = PBXBuildFile; fileRef = 7C69189F2849BE8F0086CE5B /* Assets.xcassets */; };
/* End PBXBuildFile section */

/* Begin PBXContainerItemProxy section */
		7C6918B22849BE8F0086CE5B /* PBXContainerItemProxy */ = {
			isa = PBXContainerItemProxy;
			containerPortal = 7C6918982849BE8E0086CE5B /* Project object */;
			proxyType = 1;
			remoteGlobalIDString = 7C6918A32849BE8F0086CE5B;
			remoteInfo = "ecclesiamvp2 (iOS)";
		};
		7C6918BE2849BE8F0086CE5B /* PBXContainerItemProxy */ = {
			isa = PBXContainerItemProxy;
			containerPortal = 7C6918982849BE8E0086CE5B /* Project object */;
			proxyType = 1;
			remoteGlobalIDString = 7C6918A92849BE8F0086CE5B;
			remoteInfo = "ecclesiamvp2 (macOS)";
		};
/* End PBXContainerItemProxy section */

/* Begin PBXFileReference section */
		7C69189D2849BE8E0086CE5B /* ecclesiamvp2App.swift */ = {isa = PBXFileReference; lastKnownFileType = sourcecode.swift; path = ecclesiamvp2App.swift; sourceTree = "<group>"; };
		7C69189E2849BE8E0086CE5B /* ContentView.swift */ = {isa = PBXFileReference; lastKnownFileType = sourcecode.swift; path = ContentView.swift; sourceTree = "<group>"; };
		7C69189F2849BE8F0086CE5B /* Assets.xcassets */ = {isa = PBXFileReference; lastKnownFileType = folder.assetcatalog; path = Assets.xcassets; sourceTree = "<group>"; };
		7C6918A42849BE8F0086CE5B /* ecclesiamvp2.app */ = {isa = PBXFileReference; explicitFileType = wrapper.application; includeInIndex = 0; path = ecclesiamvp2.app; sourceTree = BUILT_PRODUCTS_DIR; };
		7C6918AA2849BE8F0086CE5B /* ecclesiamvp2.app */ = {isa = PBXFileReference; explicitFileType = wrapper.application; includeInIndex = 0; path = ecclesiamvp2.app; sourceTree = BUILT_PRODUCTS_DIR; };
		7C6918AC2849BE8F0086CE5B /* macOS.entitlements */ = {isa = PBXFileReference; lastKnownFileType = text.plist.entitlements; path = macOS.entitlements; sourceTree = "<group>"; };
		7C6918B12849BE8F0086CE5B /* Tests iOS.xctest */ = {isa = PBXFileReference; explicitFileType = wrapper.cfbundle; includeInIndex = 0; path = "Tests iOS.xctest"; sourceTree = BUILT_PRODUCTS_DIR; };
		7C6918B52849BE8F0086CE5B /* Tests_iOS.swift */ = {isa = PBXFileReference; lastKnownFileType = sourcecode.swift; path = Tests_iOS.swift; sourceTree = "<group>"; };
		7C6918B72849BE8F0086CE5B /* Tests_iOSLaunchTests.swift */ = {isa = PBXFileReference; lastKnownFileType = sourcecode.swift; path = Tests_iOSLaunchTests.swift; sourceTree = "<group>"; };
		7C6918BD2849BE8F0086CE5B /* Tests macOS.xctest */ = {isa = PBXFileReference; explicitFileType = wrapper.cfbundle; includeInIndex = 0; path = "Tests macOS.xctest"; sourceTree = BUILT_PRODUCTS_DIR; };
		7C6918C12849BE8F0086CE5B /* Tests_macOS.swift */ = {isa = PBXFileReference; lastKnownFileType = sourcecode.swift; path = Tests_macOS.swift; sourceTree = "<group>"; };
		7C6918C32849BE8F0086CE5B /* Tests_macOSLaunchTests.swift */ = {isa = PBXFileReference; lastKnownFileType = sourcecode.swift; path = Tests_macOSLaunchTests.swift; sourceTree = "<group>"; };
/* End PBXFileReference section */

/* Begin PBXFrameworksBuildPhase section */
		7C6918A12849BE8F0086CE5B /* Frameworks */ = {
			isa = PBXFrameworksBuildPhase;
			buildActionMask = 2147483647;
			files = (
			);
			runOnlyForDeploymentPostprocessing = 0;
		};
		7C6918A72849BE8F0086CE5B /* Frameworks */ = {
			isa = PBXFrameworksBuildPhase;
			buildActionMask = 2147483647;
			files = (
			);
			runOnlyForDeploymentPostprocessing = 0;
		};
		7C6918AE2849BE8F0086CE5B /* Frameworks */ = {
			isa = PBXFrameworksBuildPhase;
			buildActionMask = 2147483647;
			files = (
			);
			runOnlyForDeploymentPostprocessing = 0;
		};
		7C6918BA2849BE8F0086CE5B /* Frameworks */ = {
			isa = PBXFrameworksBuildPhase;
			buildActionMask = 2147483647;
			files = (
			);
			runOnlyForDeploymentPostprocessing = 0;
		};
/* End PBXFrameworksBuildPhase section */

/* Begin PBXGroup section */
		7C6918972849BE8E0086CE5B = {
			isa = PBXGroup;
			children = (
				7C69189C2849BE8E0086CE5B /* Shared */,
				7C6918AB2849BE8F0086CE5B /* macOS */,
				7C6918B42849BE8F0086CE5B /* Tests iOS */,
				7C6918C02849BE8F0086CE5B /* Tests macOS */,
				7C6918A52849BE8F0086CE5B /* Products */,
			);
			sourceTree = "<group>";
		};
		7C69189C2849BE8E0086CE5B /* Shared */ = {
			isa = PBXGroup;
			children = (
				7C69189D2849BE8E0086CE5B /* ecclesiamvp2App.swift */,
				7C69189E2849BE8E0086CE5B /* ContentView.swift */,
				7C69189F2849BE8F0086CE5B /* Assets.xcassets */,
			);
			path = Shared;
			sourceTree = "<group>";
		};
		7C6918A52849BE8F0086CE5B /* Products */ = {
			isa = PBXGroup;
			children = (
				7C6918A42849BE8F0086CE5B /* ecclesiamvp2.app */,
				7C6918AA2849BE8F0086CE5B /* ecclesiamvp2.app */,
				7C6918B12849BE8F0086CE5B /* Tests iOS.xctest */,
				7C6918BD2849BE8F0086CE5B /* Tests macOS.xctest */,
			);
			name = Products;
			sourceTree = "<group>";
		};
		7C6918AB2849BE8F0086CE5B /* macOS */ = {
			isa = PBXGroup;
			children = (
				7C6918AC2849BE8F0086CE5B /* macOS.entitlements */,
			);
			path = macOS;
			sourceTree = "<group>";
		};
		7C6918B42849BE8F0086CE5B /* Tests iOS */ = {
			isa = PBXGroup;
			children = (
				7C6918B52849BE8F0086CE5B /* Tests_iOS.swift */,
				7C6918B72849BE8F0086CE5B /* Tests_iOSLaunchTests.swift */,
			);
			path = "Tests iOS";
			sourceTree = "<group>";
		};
		7C6918C02849BE8F0086CE5B /* Tests macOS */ = {
			isa = PBXGroup;
			children = (
				7C6918C12849BE8F0086CE5B /* Tests_macOS.swift */,
				7C6918C32849BE8F0086CE5B /* Tests_macOSLaunchTests.swift */,
			);
			path = "Tests macOS";
			sourceTree = "<group>";
		};
/* End PBXGroup section */

/* Begin PBXNativeTarget section */
		7C6918A32849BE8F0086CE5B /* ecclesiamvp2 (iOS) */ = {
			isa = PBXNativeTarget;
			buildConfigurationList = 7C6918CD2849BE8F0086CE5B /* Build configuration list for PBXNativeTarget "ecclesiamvp2 (iOS)" */;
			buildPhases = (
				7C6918A02849BE8F0086CE5B /* Sources */,
				7C6918A12849BE8F0086CE5B /* Frameworks */,
				7C6918A22849BE8F0086CE5B /* Resources */,
			);
			buildRules = (
			);
			dependencies = (
			);
			name = "ecclesiamvp2 (iOS)";
			productName = "ecclesiamvp2 (iOS)";
			productReference = 7C6918A42849BE8F0086CE5B /* ecclesiamvp2.app */;
			productType = "com.apple.product-type.application";
		};
		7C6918A92849BE8F0086CE5B /* ecclesiamvp2 (macOS) */ = {
			isa = PBXNativeTarget;
			buildConfigurationList = 7C6918D02849BE8F0086CE5B /* Build configuration list for PBXNativeTarget "ecclesiamvp2 (macOS)" */;
			buildPhases = (
				7C6918A62849BE8F0086CE5B /* Sources */,
				7C6918A72849BE8F0086CE5B /* Frameworks */,
				7C6918A82849BE8F0086CE5B /* Resources */,
			);
			buildRules = (
			);
			dependencies = (
			);
			name = "ecclesiamvp2 (macOS)";
			productName = "ecclesiamvp2 (macOS)";
			productReference = 7C6918AA2849BE8F0086CE5B /* ecclesiamvp2.app */;
			productType = "com.apple.product-type.application";
		};
		7C6918B02849BE8F0086CE5B /* Tests iOS */ = {
			isa = PBXNativeTarget;
			buildConfigurationList = 7C6918D32849BE8F0086CE5B /* Build configuration list for PBXNativeTarget "Tests iOS" */;
			buildPhases = (
				7C6918AD2849BE8F0086CE5B /* Sources */,
				7C6918AE2849BE8F0086CE5B /* Frameworks */,
				7C6918AF2849BE8F0086CE5B /* Resources */,
			);
			buildRules = (
			);
			dependencies = (
				7C6918B32849BE8F0086CE5B /* PBXTargetDependency */,
			);
			name = "Tests iOS";
			productName = "Tests iOS";
			productReference = 7C6918B12849BE8F0086CE5B /* Tests iOS.xctest */;
			productType = "com.apple.product-type.bundle.ui-testing";
		};
		7C6918BC2849BE8F0086CE5B /* Tests macOS */ = {
			isa = PBXNativeTarget;
			buildConfigurationList = 7C6918D62849BE8F0086CE5B /* Build configuration list for PBXNativeTarget "Tests macOS" */;
			buildPhases = (
				7C6918B92849BE8F0086CE5B /* Sources */,
				7C6918BA2849BE8F0086CE5B /* Frameworks */,
				7C6918BB2849BE8F0086CE5B /* Resources */,
			);
			buildRules = (
			);
			dependencies = (
				7C6918BF2849BE8F0086CE5B /* PBXTargetDependency */,
			);
			name = "Tests macOS";
			productName = "Tests macOS";
			productReference = 7C6918BD2849BE8F0086CE5B /* Tests macOS.xctest */;
			productType = "com.apple.product-type.bundle.ui-testing";
		};
/* End PBXNativeTarget section */

/* Begin PBXProject section */
		7C6918982849BE8E0086CE5B /* Project object */ = {
			isa = PBXProject;
			attributes = {
				BuildIndependentTargetsInParallel = 1;
				LastSwiftUpdateCheck = 1340;
				LastUpgradeCheck = 1340;
				TargetAttributes = {
					7C6918A32849BE8F0086CE5B = {
						CreatedOnToolsVersion = 13.4.1;
					};
					7C6918A92849BE8F0086CE5B = {
						CreatedOnToolsVersion = 13.4.1;
					};
					7C6918B02849BE8F0086CE5B = {
						CreatedOnToolsVersion = 13.4.1;
						TestTargetID = 7C6918A32849BE8F0086CE5B;
					};
					7C6918BC2849BE8F0086CE5B = {
						CreatedOnToolsVersion = 13.4.1;
						TestTargetID = 7C6918A92849BE8F0086CE5B;
					};
				};
			};
			buildConfigurationList = 7C69189B2849BE8E0086CE5B /* Build configuration list for PBXProject "ecclesiamvp2" */;
			compatibilityVersion = "Xcode 13.0";
			developmentRegion = en;
			hasScannedForEncodings = 0;
			knownRegions = (
				en,
				Base,
			);
			mainGroup = 7C6918972849BE8E0086CE5B;
			productRefGroup = 7C6918A52849BE8F0086CE5B /* Products */;
			projectDirPath = "";
			projectRoot = "";
			targets = (
				7C6918A32849BE8F0086CE5B /* ecclesiamvp2 (iOS) */,
				7C6918A92849BE8F0086CE5B /* ecclesiamvp2 (macOS) */,
				7C6918B02849BE8F0086CE5B /* Tests iOS */,
				7C6918BC2849BE8F0086CE5B /* Tests macOS */,
			);
		};
/* End PBXProject section */

/* Begin PBXResourcesBuildPhase section */
		7C6918A22849BE8F0086CE5B /* Resources */ = {
			isa = PBXResourcesBuildPhase;
			buildActionMask = 2147483647;
			files = (
				7C6918C92849BE8F0086CE5B /* Assets.xcassets in Resources */,
			);
			runOnlyForDeploymentPostprocessing = 0;
		};
		7C6918A82849BE8F0086CE5B /* Resources */ = {
			isa = PBXResourcesBuildPhase;
			buildActionMask = 2147483647;
			files = (
				7C6918CA2849BE8F0086CE5B /* Assets.xcassets in Resources */,
			);
			runOnlyForDeploymentPostprocessing = 0;
		};
		7C6918AF2849BE8F0086CE5B /* Resources */ = {
			isa = PBXResourcesBuildPhase;
			buildActionMask = 2147483647;
			files = (
			);
			runOnlyForDeploymentPostprocessing = 0;
		};
		7C6918BB2849BE8F0086CE5B /* Resources */ = {
			isa = PBXResourcesBuildPhase;
			buildActionMask = 2147483647;
			files = (
			);
			runOnlyForDeploymentPostprocessing = 0;
		};
/* End PBXResourcesBuildPhase section */

/* Begin PBXSourcesBuildPhase section */
		7C6918A02849BE8F0086CE5B /* Sources */ = {
			isa = PBXSourcesBuildPhase;
			buildActionMask = 2147483647;
			files = (
				7C6918C72849BE8F0086CE5B /* ContentView.swift in Sources */,
				7C6918C52849BE8F0086CE5B /* ecclesiamvp2App.swift in Sources */,
			);
			runOnlyForDeploymentPostprocessing = 0;
		};
		7C6918A62849BE8F0086CE5B /* Sources */ = {
			isa = PBXSourcesBuildPhase;
			buildActionMask = 2147483647;
			files = (
				7C6918C82849BE8F0086CE5B /* ContentView.swift in Sources */,
				7C6918C62849BE8F0086CE5B /* ecclesiamvp2App.swift in Sources */,
			);
			runOnlyForDeploymentPostprocessing = 0;
		};
		7C6918AD2849BE8F0086CE5B /* Sources */ = {
			isa = PBXSourcesBuildPhase;
			buildActionMask = 2147483647;
			files = (
				7C6918B82849BE8F0086CE5B /* Tests_iOSLaunchTests.swift in Sources */,
				7C6918B62849BE8F0086CE5B /* Tests_iOS.swift in Sources */,
			);
			runOnlyForDeploymentPostprocessing = 0;
		};
		7C6918B92849BE8F0086CE5B /* Sources */ = {
			isa = PBXSourcesBuildPhase;
			buildActionMask = 2147483647;
			files = (
				7C6918C42849BE8F0086CE5B /* Tests_macOSLaunchTests.swift in Sources */,
				7C6918C22849BE8F0086CE5B /* Tests_macOS.swift in Sources */,
			);
			runOnlyForDeploymentPostprocessing = 0;
		};
/* End PBXSourcesBuildPhase section */

/* Begin PBXTargetDependency section */
		7C6918B32849BE8F0086CE5B /* PBXTargetDependency */ = {
			isa = PBXTargetDependency;
			target = 7C6918A32849BE8F0086CE5B /* ecclesiamvp2 (iOS) */;
			targetProxy = 7C6918B22849BE8F0086CE5B /* PBXContainerItemProxy */;
		};
		7C6918BF2849BE8F0086CE5B /* PBXTargetDependency */ = {
			isa = PBXTargetDependency;
			target = 7C6918A92849BE8F0086CE5B /* ecclesiamvp2 (macOS) */;
			targetProxy = 7C6918BE2849BE8F0086CE5B /* PBXContainerItemProxy */;
		};
/* End PBXTargetDependency section */

/* Begin XCBuildConfiguration section */
		7C6918CB2849BE8F0086CE5B /* Debug */ = {
			isa = XCBuildConfiguration;
			buildSettings = {
				ALWAYS_SEARCH_USER_PATHS = NO;
				CLANG_ANALYZER_NONNULL = YES;
				CLANG_ANALYZER_NUMBER_OBJECT_CONVERSION = YES_AGGRESSIVE;
				CLANG_CXX_LANGUAGE_STANDARD = "gnu++17";
				CLANG_ENABLE_MODULES = YES;
				CLANG_ENABLE_OBJC_ARC = YES;
				CLANG_ENABLE_OBJC_WEAK = YES;
				CLANG_WARN_BLOCK_CAPTURE_AUTORELEASING = YES;
				CLANG_WARN_BOOL_CONVERSION = YES;
				CLANG_WARN_COMMA = YES;
				CLANG_WARN_CONSTANT_CONVERSION = YES;
				CLANG_WARN_DEPRECATED_OBJC_IMPLEMENTATIONS = YES;
				CLANG_WARN_DIRECT_OBJC_ISA_USAGE = YES_ERROR;
				CLANG_WARN_DOCUMENTATION_COMMENTS = YES;
				CLANG_WARN_EMPTY_BODY = YES;
				CLANG_WARN_ENUM_CONVERSION = YES;
				CLANG_WARN_INFINITE_RECURSION = YES;
				CLANG_WARN_INT_CONVERSION = YES;
				CLANG_WARN_NON_LITERAL_NULL_CONVERSION = YES;
				CLANG_WARN_OBJC_IMPLICIT_RETAIN_SELF = YES;
				CLANG_WARN_OBJC_LITERAL_CONVERSION = YES;
				CLANG_WARN_OBJC_ROOT_CLASS = YES_ERROR;
				CLANG_WARN_QUOTED_INCLUDE_IN_FRAMEWORK_HEADER = YES;
				CLANG_WARN_RANGE_LOOP_ANALYSIS = YES;
				CLANG_WARN_STRICT_PROTOTYPES = YES;
				CLANG_WARN_SUSPICIOUS_MOVE = YES;
				CLANG_WARN_UNGUARDED_AVAILABILITY = YES_AGGRESSIVE;
				CLANG_WARN_UNREACHABLE_CODE = YES;
				CLANG_WARN__DUPLICATE_METHOD_MATCH = YES;
				COPY_PHASE_STRIP = NO;
				DEBUG_INFORMATION_FORMAT = dwarf;
				ENABLE_STRICT_OBJC_MSGSEND = YES;
				ENABLE_TESTABILITY = YES;
				GCC_C_LANGUAGE_STANDARD = gnu11;
				GCC_DYNAMIC_NO_PIC = NO;
				GCC_NO_COMMON_BLOCKS = YES;
				GCC_OPTIMIZATION_LEVEL = 0;
				GCC_PREPROCESSOR_DEFINITIONS = (
					"DEBUG=1",
					"$(inherited)",
				);
				GCC_WARN_64_TO_32_BIT_CONVERSION = YES;
				GCC_WARN_ABOUT_RETURN_TYPE = YES_ERROR;
				GCC_WARN_UNDECLARED_SELECTOR = YES;
				GCC_WARN_UNINITIALIZED_AUTOS = YES_AGGRESSIVE;
				GCC_WARN_UNUSED_FUNCTION = YES;
				GCC_WARN_UNUSED_VARIABLE = YES;
				MTL_ENABLE_DEBUG_INFO = INCLUDE_SOURCE;
				MTL_FAST_MATH = YES;
				ONLY_ACTIVE_ARCH = YES;
				SWIFT_ACTIVE_COMPILATION_CONDITIONS = DEBUG;
				SWIFT_OPTIMIZATION_LEVEL = "-Onone";
			};
			name = Debug;
		};
		7C6918CC2849BE8F0086CE5B /* Release */ = {
			isa = XCBuildConfiguration;
			buildSettings = {
				ALWAYS_SEARCH_USER_PATHS = NO;
				CLANG_ANALYZER_NONNULL = YES;
				CLANG_ANALYZER_NUMBER_OBJECT_CONVERSION = YES_AGGRESSIVE;
				CLANG_CXX_LANGUAGE_STANDARD = "gnu++17";
				CLANG_ENABLE_MODULES = YES;
				CLANG_ENABLE_OBJC_ARC = YES;
				CLANG_ENABLE_OBJC_WEAK = YES;
				CLANG_WARN_BLOCK_CAPTURE_AUTORELEASING = YES;
				CLANG_WARN_BOOL_CONVERSION = YES;
				CLANG_WARN_COMMA = YES;
				CLANG_WARN_CONSTANT_CONVERSION = YES;
				CLANG_WARN_DEPRECATED_OBJC_IMPLEMENTATIONS = YES;
				CLANG_WARN_DIRECT_OBJC_ISA_USAGE = YES_ERROR;
				CLANG_WARN_DOCUMENTATION_COMMENTS = YES;
				CLANG_WARN_EMPTY_BODY = YES;
				CLANG_WARN_ENUM_CONVERSION = YES;
				CLANG_WARN_INFINITE_RECURSION = YES;
				CLANG_WARN_INT_CONVERSION = YES;
				CLANG_WARN_NON_LITERAL_NULL_CONVERSION = YES;
				CLANG_WARN_OBJC_IMPLICIT_RETAIN_SELF = YES;
				CLANG_WARN_OBJC_LITERAL_CONVERSION = YES;
				CLANG_WARN_OBJC_ROOT_CLASS = YES_ERROR;
				CLANG_WARN_QUOTED_INCLUDE_IN_FRAMEWORK_HEADER = YES;
				CLANG_WARN_RANGE_LOOP_ANALYSIS = YES;
				CLANG_WARN_STRICT_PROTOTYPES = YES;
				CLANG_WARN_SUSPICIOUS_MOVE = YES;
				CLANG_WARN_UNGUARDED_AVAILABILITY = YES_AGGRESSIVE;
				CLANG_WARN_UNREACHABLE_CODE = YES;
				CLANG_WARN__DUPLICATE_METHOD_MATCH = YES;
				COPY_PHASE_STRIP = NO;
				DEBUG_INFORMATION_FORMAT = "dwarf-with-dsym";
				ENABLE_NS_ASSERTIONS = NO;
				ENABLE_STRICT_OBJC_MSGSEND = YES;
				GCC_C_LANGUAGE_STANDARD = gnu11;
				GCC_NO_COMMON_BLOCKS = YES;
				GCC_WARN_64_TO_32_BIT_CONVERSION = YES;
				GCC_WARN_ABOUT_RETURN_TYPE = YES_ERROR;
				GCC_WARN_UNDECLARED_SELECTOR = YES;
				GCC_WARN_UNINITIALIZED_AUTOS = YES_AGGRESSIVE;
				GCC_WARN_UNUSED_FUNCTION = YES;
				GCC_WARN_UNUSED_VARIABLE = YES;
				MTL_ENABLE_DEBUG_INFO = NO;
				MTL_FAST_MATH = YES;
				SWIFT_COMPILATION_MODE = wholemodule;
				SWIFT_OPTIMIZATION_LEVEL = "-O";
			};
			name = Release;
		};
		7C6918CE2849BE8F0086CE5B /* Debug */ = {
			isa = XCBuildConfiguration;
			buildSettings = {
				ASSETCATALOG_COMPILER_APPICON_NAME = AppIcon;
				ASSETCATALOG_COMPILER_GLOBAL_ACCENT_COLOR_NAME = AccentColor;
				CODE_SIGN_STYLE = Automatic;
				CURRENT_PROJECT_VERSION = 1;
				ENABLE_PREVIEWS = YES;
				GENERATE_INFOPLIST_FILE = YES;
				INFOPLIST_KEY_UIApplicationSceneManifest_Generation = YES;
				INFOPLIST_KEY_UIApplicationSupportsIndirectInputEvents = YES;
				INFOPLIST_KEY_UILaunchScreen_Generation = YES;
				INFOPLIST_KEY_UISupportedInterfaceOrientations_iPad = "UIInterfaceOrientationPortrait UIInterfaceOrientationPortraitUpsideDown UIInterfaceOrientationLandscapeLeft UIInterfaceOrientationLandscapeRight";
				INFOPLIST_KEY_UISupportedInterfaceOrientations_iPhone = "UIInterfaceOrientationPortrait UIInterfaceOrientationLandscapeLeft UIInterfaceOrientationLandscapeRight";
				IPHONEOS_DEPLOYMENT_TARGET = 15.5;
				LD_RUNPATH_SEARCH_PATHS = (
					"$(inherited)",
					"@executable_path/Frameworks",
				);
				MARKETING_VERSION = 1.0;
				PRODUCT_BUNDLE_IDENTIFIER = josepholiver.ecclesiamvp2;
				PRODUCT_NAME = ecclesiamvp2;
				SDKROOT = iphoneos;
				SWIFT_EMIT_LOC_STRINGS = YES;
				SWIFT_VERSION = 5.0;
				TARGETED_DEVICE_FAMILY = "1,2";
			};
			name = Debug;
		};
		7C6918CF2849BE8F0086CE5B /* Release */ = {
			isa = XCBuildConfiguration;
			buildSettings = {
				ASSETCATALOG_COMPILER_APPICON_NAME = AppIcon;
				ASSETCATALOG_COMPILER_GLOBAL_ACCENT_COLOR_NAME = AccentColor;
				CODE_SIGN_STYLE = Automatic;
				CURRENT_PROJECT_VERSION = 1;
				ENABLE_PREVIEWS = YES;
				GENERATE_INFOPLIST_FILE = YES;
				INFOPLIST_KEY_UIApplicationSceneManifest_Generation = YES;
				INFOPLIST_KEY_UIApplicationSupportsIndirectInputEvents = YES;
				INFOPLIST_KEY_UILaunchScreen_Generation = YES;
				INFOPLIST_KEY_UISupportedInterfaceOrientations_iPad = "UIInterfaceOrientationPortrait UIInterfaceOrientationPortraitUpsideDown UIInterfaceOrientationLandscapeLeft UIInterfaceOrientationLandscapeRight";
				INFOPLIST_KEY_UISupportedInterfaceOrientations_iPhone = "UIInterfaceOrientationPortrait UIInterfaceOrientationLandscapeLeft UIInterfaceOrientationLandscapeRight";
				IPHONEOS_DEPLOYMENT_TARGET = 15.5;
				LD_RUNPATH_SEARCH_PATHS = (
					"$(inherited)",
					"@executable_path/Frameworks",
				);
				MARKETING_VERSION = 1.0;
				PRODUCT_BUNDLE_IDENTIFIER = josepholiver.ecclesiamvp2;
				PRODUCT_NAME = ecclesiamvp2;
				SDKROOT = iphoneos;
				SWIFT_EMIT_LOC_STRINGS = YES;
				SWIFT_VERSION = 5.0;
				TARGETED_DEVICE_FAMILY = "1,2";
				VALIDATE_PRODUCT = YES;
			};
			name = Release;
		};
		7C6918D12849BE8F0086CE5B /* Debug */ = {
			isa = XCBuildConfiguration;
			buildSettings = {
				ASSETCATALOG_COMPILER_APPICON_NAME = AppIcon;
				ASSETCATALOG_COMPILER_GLOBAL_ACCENT_COLOR_NAME = AccentColor;
				CODE_SIGN_ENTITLEMENTS = macOS/macOS.entitlements;
				CODE_SIGN_STYLE = Automatic;
				COMBINE_HIDPI_IMAGES = YES;
				CURRENT_PROJECT_VERSION = 1;
				ENABLE_PREVIEWS = YES;
				GENERATE_INFOPLIST_FILE = YES;
				INFOPLIST_KEY_NSHumanReadableCopyright = "";
				LD_RUNPATH_SEARCH_PATHS = (
					"$(inherited)",
					"@executable_path/../Frameworks",
				);
				MACOSX_DEPLOYMENT_TARGET = 12.3;
				MARKETING_VERSION = 1.0;
				PRODUCT_BUNDLE_IDENTIFIER = josepholiver.ecclesiamvp2;
				PRODUCT_NAME = ecclesiamvp2;
				SDKROOT = macosx;
				SWIFT_EMIT_LOC_STRINGS = YES;
				SWIFT_VERSION = 5.0;
			};
			name = Debug;
		};
		7C6918D22849BE8F0086CE5B /* Release */ = {
			isa = XCBuildConfiguration;
			buildSettings = {
				ASSETCATALOG_COMPILER_APPICON_NAME = AppIcon;
				ASSETCATALOG_COMPILER_GLOBAL_ACCENT_COLOR_NAME = AccentColor;
				CODE_SIGN_ENTITLEMENTS = macOS/macOS.entitlements;
				CODE_SIGN_STYLE = Automatic;
				COMBINE_HIDPI_IMAGES = YES;
				CURRENT_PROJECT_VERSION = 1;
				ENABLE_PREVIEWS = YES;
				GENERATE_INFOPLIST_FILE = YES;
				INFOPLIST_KEY_NSHumanReadableCopyright = "";
				LD_RUNPATH_SEARCH_PATHS = (
					"$(inherited)",
					"@executable_path/../Frameworks",
				);
				MACOSX_DEPLOYMENT_TARGET = 12.3;
				MARKETING_VERSION = 1.0;
				PRODUCT_BUNDLE_IDENTIFIER = josepholiver.ecclesiamvp2;
				PRODUCT_NAME = ecclesiamvp2;
				SDKROOT = macosx;
				SWIFT_EMIT_LOC_STRINGS = YES;
				SWIFT_VERSION = 5.0;
			};
			name = Release;
		};
		7C6918D42849BE8F0086CE5B /* Debug */ = {
			isa = XCBuildConfiguration;
			buildSettings = {
				ALWAYS_EMBED_SWIFT_STANDARD_LIBRARIES = YES;
				CODE_SIGN_STYLE = Automatic;
				CURRENT_PROJECT_VERSION = 1;
				GENERATE_INFOPLIST_FILE = YES;
				IPHONEOS_DEPLOYMENT_TARGET = 15.5;
				MARKETING_VERSION = 1.0;
				PRODUCT_BUNDLE_IDENTIFIER = "josepholiver.Tests-iOS";
				PRODUCT_NAME = "$(TARGET_NAME)";
				SDKROOT = iphoneos;
				SWIFT_EMIT_LOC_STRINGS = NO;
				SWIFT_VERSION = 5.0;
				TARGETED_DEVICE_FAMILY = "1,2";
				TEST_TARGET_NAME = "ecclesiamvp2 (iOS)";
			};
			name = Debug;
		};
		7C6918D52849BE8F0086CE5B /* Release */ = {
			isa = XCBuildConfiguration;
			buildSettings = {
				ALWAYS_EMBED_SWIFT_STANDARD_LIBRARIES = YES;
				CODE_SIGN_STYLE = Automatic;
				CURRENT_PROJECT_VERSION = 1;
				GENERATE_INFOPLIST_FILE = YES;
				IPHONEOS_DEPLOYMENT_TARGET = 15.5;
				MARKETING_VERSION = 1.0;
				PRODUCT_BUNDLE_IDENTIFIER = "josepholiver.Tests-iOS";
				PRODUCT_NAME = "$(TARGET_NAME)";
				SDKROOT = iphoneos;
				SWIFT_EMIT_LOC_STRINGS = NO;
				SWIFT_VERSION = 5.0;
				TARGETED_DEVICE_FAMILY = "1,2";
				TEST_TARGET_NAME = "ecclesiamvp2 (iOS)";
				VALIDATE_PRODUCT = YES;
			};
			name = Release;
		};
		7C6918D72849BE8F0086CE5B /* Debug */ = {
			isa = XCBuildConfiguration;
			buildSettings = {
				ALWAYS_EMBED_SWIFT_STANDARD_LIBRARIES = YES;
				CODE_SIGN_STYLE = Automatic;
				CURRENT_PROJECT_VERSION = 1;
				GENERATE_INFOPLIST_FILE = YES;
				MACOSX_DEPLOYMENT_TARGET = 12.3;
				MARKETING_VERSION = 1.0;
				PRODUCT_BUNDLE_IDENTIFIER = "josepholiver.Tests-macOS";
				PRODUCT_NAME = "$(TARGET_NAME)";
				SDKROOT = macosx;
				SWIFT_EMIT_LOC_STRINGS = NO;
				SWIFT_VERSION = 5.0;
				TEST_TARGET_NAME = "ecclesiamvp2 (macOS)";
			};
			name = Debug;
		};
		7C6918D82849BE8F0086CE5B /* Release */ = {
			isa = XCBuildConfiguration;
			buildSettings = {
				ALWAYS_EMBED_SWIFT_STANDARD_LIBRARIES = YES;
				CODE_SIGN_STYLE = Automatic;
				CURRENT_PROJECT_VERSION = 1;
				GENERATE_INFOPLIST_FILE = YES;
				MACOSX_DEPLOYMENT_TARGET = 12.3;
				MARKETING_VERSION = 1.0;
				PRODUCT_BUNDLE_IDENTIFIER = "josepholiver.Tests-macOS";
				PRODUCT_NAME = "$(TARGET_NAME)";
				SDKROOT = macosx;
				SWIFT_EMIT_LOC_STRINGS = NO;
				SWIFT_VERSION = 5.0;
				TEST_TARGET_NAME = "ecclesiamvp2 (macOS)";
			};
			name = Release;
		};
/* End XCBuildConfiguration section */

/* Begin XCConfigurationList section */
		7C69189B2849BE8E0086CE5B /* Build configuration list for PBXProject "ecclesiamvp2" */ = {
			isa = XCConfigurationList;
			buildConfigurations = (
				7C6918CB2849BE8F0086CE5B /* Debug */,
				7C6918CC2849BE8F0086CE5B /* Release */,
			);
			defaultConfigurationIsVisible = 0;
			defaultConfigurationName = Release;
		};
		7C6918CD2849BE8F0086CE5B /* Build configuration list for PBXNativeTarget "ecclesiamvp2 (iOS)" */ = {
			isa = XCConfigurationList;
			buildConfigurations = (
				7C6918CE2849BE8F0086CE5B /* Debug */,
				7C6918CF2849BE8F0086CE5B /* Release */,
			);
			defaultConfigurationIsVisible = 0;
			defaultConfigurationName = Release;
		};
		7C6918D02849BE8F0086CE5B /* Build configuration list for PBXNativeTarget "ecclesiamvp2 (macOS)" */ = {
			isa = XCConfigurationList;
			buildConfigurations = (
				7C6918D12849BE8F0086CE5B /* Debug */,
				7C6918D22849BE8F0086CE5B /* Release */,
			);
			defaultConfigurationIsVisible = 0;
			defaultConfigurationName = Release;
		};
		7C6918D32849BE8F0086CE5B /* Build configuration list for PBXNativeTarget "Tests iOS" */ = {
			isa = XCConfigurationList;
			buildConfigurations = (
				7C6918D42849BE8F0086CE5B /* Debug */,
				7C6918D52849BE8F0086CE5B /* Release */,
			);
			defaultConfigurationIsVisible = 0;
			defaultConfigurationName = Release;
		};
		7C6918D62849BE8F0086CE5B /* Build configuration list for PBXNativeTarget "Tests macOS" */ = {
			isa = XCConfigurationList;
			buildConfigurations = (
				7C6918D72849BE8F0086CE5B /* Debug */,
				7C6918D82849BE8F0086CE5B /* Release */,
			);
			defaultConfigurationIsVisible = 0;
			defaultConfigurationName = Release;
		};
/* End XCConfigurationList section */
	};
	rootObject = 7C6918982849BE8E0086CE5B /* Project object */;
}
